
Microsoft Visual Studio Solution File, Format Version 12.00
# Visual Studio Version 17
VisualStudioVersion = 17.1.32210.238
MinimumVisualStudioVersion = 10.0.40219.1
Project("{9A19103F-16F7-4668-BE54-9A1E7A4F7556}") = "CourseApiDayOne", "CourseApiDayOne\CourseApiDayOne.csproj", "{3AEBA054-4ABB-492C-8646-D8FFB3D6DB12}"
EndProject
Project("{FAE04EC0-301F-11D3-BF4B-00C04F79EFBC}") = "CorseApiDayTwo", "CorseApiDayTwo\CorseApiDayTwo.csproj", "{3C62B21F-2831-46A0-9714-100395A5AFA8}"
EndProject
Project("{FAE04EC0-301F-11D3-BF4B-00C04F79EFBC}") = "UseApi", "UseApi\UseApi.csproj", "{DFFA4D62-1E3D-4BE6-9E7F-D8E4FD456A1B}"
EndProject
Global
	GlobalSection(SolutionConfigurationPlatforms) = preSolution
		Debug|Any CPU = Debug|Any CPU
		Release|Any CPU = Release|Any CPU
	EndGlobalSection
	GlobalSection(ProjectConfigurationPlatforms) = postSolution
		{3AEBA054-4ABB-492C-8646-D8FFB3D6DB12}.Debug|Any CPU.ActiveCfg = Debug|Any CPU
		{3AEBA054-4ABB-492C-8646-D8FFB3D6DB12}.Debug|Any CPU.Build.0 = Debug|Any CPU
		{3AEBA054-4ABB-492C-8646-D8FFB3D6DB12}.Release|Any CPU.ActiveCfg = Release|Any CPU
		{3AEBA054-4ABB-492C-8646-D8FFB3D6DB12}.Release|Any CPU.Build.0 = Release|Any CPU
		{3C62B21F-2831-46A0-9714-100395A5AFA8}.Debug|Any CPU.ActiveCfg = Debug|Any CPU
		{3C62B21F-2831-46A0-9714-100395A5AFA8}.Debug|Any CPU.Build.0 = Debug|Any CPU
		{3C62B21F-2831-46A0-9714-100395A5AFA8}.Release|Any CPU.ActiveCfg = Release|Any CPU
		{3C62B21F-2831-46A0-9714-100395A5AFA8}.Release|Any CPU.Build.0 = Release|Any CPU
		{DFFA4D62-1E3D-4BE6-9E7F-D8E4FD456A1B}.Debug|Any CPU.ActiveCfg = Debug|Any CPU
		{DFFA4D62-1E3D-4BE6-9E7F-D8E4FD456A1B}.Debug|Any CPU.Build.0 = Debug|Any CPU
		{DFFA4D62-1E3D-4BE6-9E7F-D8E4FD456A1B}.Release|Any CPU.ActiveCfg = Release|Any CPU
		{DFFA4D62-1E3D-4BE6-9E7F-D8E4FD456A1B}.Release|Any CPU.Build.0 = Release|Any CPU
	EndGlobalSection
	GlobalSection(SolutionProperties) = preSolution
		HideSolutionNode = FALSE
	EndGlobalSection
	GlobalSection(ExtensibilityGlobals) = postSolution
		SolutionGuid = {5234E7B9-41C2-4DB9-ABAB-B21BF3C7C895}
	EndGlobalSection
EndGlobal
